// !$*UTF8*$!
{
	archiveVersion = 1;
	classes = {
	};
	objectVersion = 46;
	objects = {

/* Begin PBXBuildFile section */
		805A9F621B0FAAD200A5E868 /* AppDelegate.swift in Sources */ = {isa = PBXBuildFile; fileRef = 805A9F611B0FAAD200A5E868 /* AppDelegate.swift */; };
		805A9F641B0FAAD200A5E868 /* ViewController.swift in Sources */ = {isa = PBXBuildFile; fileRef = 805A9F631B0FAAD200A5E868 /* ViewController.swift */; };
		805A9F671B0FAAD200A5E868 /* Main.storyboard in Resources */ = {isa = PBXBuildFile; fileRef = 805A9F651B0FAAD200A5E868 /* Main.storyboard */; };
		805A9F691B0FAAD200A5E868 /* Images.xcassets in Resources */ = {isa = PBXBuildFile; fileRef = 805A9F681B0FAAD200A5E868 /* Images.xcassets */; };
		805A9F6C1B0FAAD200A5E868 /* LaunchScreen.xib in Resources */ = {isa = PBXBuildFile; fileRef = 805A9F6A1B0FAAD200A5E868 /* LaunchScreen.xib */; };
		805A9F781B0FAAD200A5E868 /* ShowViewTests.swift in Sources */ = {isa = PBXBuildFile; fileRef = 805A9F771B0FAAD200A5E868 /* ShowViewTests.swift */; };
		805A9F831B0FAB1800A5E868 /* SecondViewController.swift in Sources */ = {isa = PBXBuildFile; fileRef = 805A9F811B0FAB1800A5E868 /* SecondViewController.swift */; };
		805A9F841B0FAB1800A5E868 /* SecondViewController.xib in Resources */ = {isa = PBXBuildFile; fileRef = 805A9F821B0FAB1800A5E868 /* SecondViewController.xib */; };
/* End PBXBuildFile section */

/* Begin PBXContainerItemProxy section */
		805A9F721B0FAAD200A5E868 /* PBXContainerItemProxy */ = {
			isa = PBXContainerItemProxy;
			containerPortal = 805A9F541B0FAAD200A5E868 /* Project object */;
			proxyType = 1;
			remoteGlobalIDString = 805A9F5B1B0FAAD200A5E868;
			remoteInfo = ShowView;
		};
/* End PBXContainerItemProxy section */

/* Begin PBXFileReference section */
		805A9F5C1B0FAAD200A5E868 /* ShowView.app */ = {isa = PBXFileReference; explicitFileType = wrapper.application; includeInIndex = 0; path = ShowView.app; sourceTree = BUILT_PRODUCTS_DIR; };
		805A9F601B0FAAD200A5E868 /* Info.plist */ = {isa = PBXFileReference; lastKnownFileType = text.plist.xml; path = Info.plist; sourceTree = "<group>"; };
		805A9F611B0FAAD200A5E868 /* AppDelegate.swift */ = {isa = PBXFileReference; lastKnownFileType = sourcecode.swift; path = AppDelegate.swift; sourceTree = "<group>"; };
		805A9F631B0FAAD200A5E868 /* ViewController.swift */ = {isa = PBXFileReference; lastKnownFileType = sourcecode.swift; path = ViewController.swift; sourceTree = "<group>"; };
		805A9F661B0FAAD200A5E868 /* Base */ = {isa = PBXFileReference; lastKnownFileType = file.storyboard; name = Base; path = Base.lproj/Main.storyboard; sourceTree = "<group>"; };
		805A9F681B0FAAD200A5E868 /* Images.xcassets */ = {isa = PBXFileReference; lastKnownFileType = folder.assetcatalog; path = Images.xcassets; sourceTree = "<group>"; };
		805A9F6B1B0FAAD200A5E868 /* Base */ = {isa = PBXFileReference; lastKnownFileType = file.xib; name = Base; path = Base.lproj/LaunchScreen.xib; sourceTree = "<group>"; };
		805A9F711B0FAAD200A5E868 /* ShowViewTests.xctest */ = {isa = PBXFileReference; explicitFileType = wrapper.cfbundle; includeInIndex = 0; path = ShowViewTests.xctest; sourceTree = BUILT_PRODUCTS_DIR; };
		805A9F761B0FAAD200A5E868 /* Info.plist */ = {isa = PBXFileReference; lastKnownFileType = text.plist.xml; path = Info.plist; sourceTree = "<group>"; };
		805A9F771B0FAAD200A5E868 /* ShowViewTests.swift */ = {isa = PBXFileReference; lastKnownFileType = sourcecode.swift; path = ShowViewTests.swift; sourceTree = "<group>"; };
		805A9F811B0FAB1800A5E868 /* SecondViewController.swift */ = {isa = PBXFileReference; fileEncoding = 4; lastKnownFileType = sourcecode.swift; path = SecondViewController.swift; sourceTree = "<group>"; };
		805A9F821B0FAB1800A5E868 /* SecondViewController.xib */ = {isa = PBXFileReference; fileEncoding = 4; lastKnownFileType = file.xib; path = SecondViewController.xib; sourceTree = "<group>"; };
/* End PBXFileReference section */

/* Begin PBXFrameworksBuildPhase section */
		805A9F591B0FAAD200A5E868 /* Frameworks */ = {
			isa = PBXFrameworksBuildPhase;
			buildActionMask = 2147483647;
			files = (
			);
			runOnlyForDeploymentPostprocessing = 0;
		};
		805A9F6E1B0FAAD200A5E868 /* Frameworks */ = {
			isa = PBXFrameworksBuildPhase;
			buildActionMask = 2147483647;
			files = (
			);
			runOnlyForDeploymentPostprocessing = 0;
		};
/* End PBXFrameworksBuildPhase section */

/* Begin PBXGroup section */
		805A9F531B0FAAD200A5E868 = {
			isa = PBXGroup;
			children = (
				805A9F811B0FAB1800A5E868 /* SecondViewController.swift */,
				805A9F821B0FAB1800A5E868 /* SecondViewController.xib */,
				805A9F5E1B0FAAD200A5E868 /* ShowView */,
				805A9F741B0FAAD200A5E868 /* ShowViewTests */,
				805A9F5D1B0FAAD200A5E868 /* Products */,
			);
			sourceTree = "<group>";
		};
		805A9F5D1B0FAAD200A5E868 /* Products */ = {
			isa = PBXGroup;
			children = (
				805A9F5C1B0FAAD200A5E868 /* ShowView.app */,
				805A9F711B0FAAD200A5E868 /* ShowViewTests.xctest */,
			);
			name = Products;
			sourceTree = "<group>";
		};
		805A9F5E1B0FAAD200A5E868 /* ShowView */ = {
			isa = PBXGroup;
			children = (
				805A9F611B0FAAD200A5E868 /* AppDelegate.swift */,
				805A9F631B0FAAD200A5E868 /* ViewController.swift */,
				805A9F651B0FAAD200A5E868 /* Main.storyboard */,
				805A9F681B0FAAD200A5E868 /* Images.xcassets */,
				805A9F6A1B0FAAD200A5E868 /* LaunchScreen.xib */,
				805A9F5F1B0FAAD200A5E868 /* Supporting Files */,
			);
			path = ShowView;
			sourceTree = "<group>";
		};
		805A9F5F1B0FAAD200A5E868 /* Supporting Files */ = {
			isa = PBXGroup;
			children = (
				805A9F601B0FAAD200A5E868 /* Info.plist */,
			);
			name = "Supporting Files";
			sourceTree = "<group>";
		};
		805A9F741B0FAAD200A5E868 /* ShowViewTests */ = {
			isa = PBXGroup;
			children = (
				805A9F771B0FAAD200A5E868 /* ShowViewTests.swift */,
				805A9F751B0FAAD200A5E868 /* Supporting Files */,
			);
			path = ShowViewTests;
			sourceTree = "<group>";
		};
		805A9F751B0FAAD200A5E868 /* Supporting Files */ = {
			isa = PBXGroup;
			children = (
				805A9F761B0FAAD200A5E868 /* Info.plist */,
			);
			name = "Supporting Files";
			sourceTree = "<group>";
		};
/* End PBXGroup section */

/* Begin PBXNativeTarget section */
		805A9F5B1B0FAAD200A5E868 /* ShowView */ = {
			isa = PBXNativeTarget;
			buildConfigurationList = 805A9F7B1B0FAAD200A5E868 /* Build configuration list for PBXNativeTarget "ShowView" */;
			buildPhases = (
				805A9F581B0FAAD200A5E868 /* Sources */,
				805A9F591B0FAAD200A5E868 /* Frameworks */,
				805A9F5A1B0FAAD200A5E868 /* Resources */,
			);
			buildRules = (
			);
			dependencies = (
			);
			name = ShowView;
			productName = ShowView;
			productReference = 805A9F5C1B0FAAD200A5E868 /* ShowView.app */;
			productType = "com.apple.product-type.application";
		};
		805A9F701B0FAAD200A5E868 /* ShowViewTests */ = {
			isa = PBXNativeTarget;
			buildConfigurationList = 805A9F7E1B0FAAD200A5E868 /* Build configuration list for PBXNativeTarget "ShowViewTests" */;
			buildPhases = (
				805A9F6D1B0FAAD200A5E868 /* Sources */,
				805A9F6E1B0FAAD200A5E868 /* Frameworks */,
				805A9F6F1B0FAAD200A5E868 /* Resources */,
			);
			buildRules = (
			);
			dependencies = (
				805A9F731B0FAAD200A5E868 /* PBXTargetDependency */,
			);
			name = ShowViewTests;
			productName = ShowViewTests;
			productReference = 805A9F711B0FAAD200A5E868 /* ShowViewTests.xctest */;
			productType = "com.apple.product-type.bundle.unit-test";
		};
/* End PBXNativeTarget section */

/* Begin PBXProject section */
		805A9F541B0FAAD200A5E868 /* Project object */ = {
			isa = PBXProject;
			attributes = {
				LastUpgradeCheck = 0630;
				ORGANIZATIONNAME = "Vinicius Fugulin Barbosa";
				TargetAttributes = {
					805A9F5B1B0FAAD200A5E868 = {
						CreatedOnToolsVersion = 6.3.2;
					};
					805A9F701B0FAAD200A5E868 = {
						CreatedOnToolsVersion = 6.3.2;
						TestTargetID = 805A9F5B1B0FAAD200A5E868;
					};
				};
			};
			buildConfigurationList = 805A9F571B0FAAD200A5E868 /* Build configuration list for PBXProject "ShowView" */;
			compatibilityVersion = "Xcode 3.2";
			developmentRegion = English;
			hasScannedForEncodings = 0;
			knownRegions = (
				en,
				Base,
			);
			mainGroup = 805A9F531B0FAAD200A5E868;
			productRefGroup = 805A9F5D1B0FAAD200A5E868 /* Products */;
			projectDirPath = "";
			projectRoot = "";
			targets = (
				805A9F5B1B0FAAD200A5E868 /* ShowView */,
				805A9F701B0FAAD200A5E868 /* ShowViewTests */,
			);
		};
/* End PBXProject section */

/* Begin PBXResourcesBuildPhase section */
		805A9F5A1B0FAAD200A5E868 /* Resources */ = {
			isa = PBXResourcesBuildPhase;
			buildActionMask = 2147483647;
			files = (
				805A9F841B0FAB1800A5E868 /* SecondViewController.xib in Resources */,
				805A9F671B0FAAD200A5E868 /* Main.storyboard in Resources */,
				805A9F6C1B0FAAD200A5E868 /* LaunchScreen.xib in Resources */,
				805A9F691B0FAAD200A5E868 /* Images.xcassets in Resources */,
			);
			runOnlyForDeploymentPostprocessing = 0;
		};
		805A9F6F1B0FAAD200A5E868 /* Resources */ = {
			isa = PBXResourcesBuildPhase;
			buildActionMask = 2147483647;
			files = (
			);
			runOnlyForDeploymentPostprocessing = 0;
		};
/* End PBXResourcesBuildPhase section */

/* Begin PBXSourcesBuildPhase section */
		805A9F581B0FAAD200A5E868 /* Sources */ = {
			isa = PBXSourcesBuildPhase;
			buildActionMask = 2147483647;
			files = (
				805A9F831B0FAB1800A5E868 /* SecondViewController.swift in Sources */,
				805A9F641B0FAAD200A5E868 /* ViewController.swift in Sources */,
				805A9F621B0FAAD200A5E868 /* AppDelegate.swift in Sources */,
			);
			runOnlyForDeploymentPostprocessing = 0;
		};
		805A9F6D1B0FAAD200A5E868 /* Sources */ = {
			isa = PBXSourcesBuildPhase;
			buildActionMask = 2147483647;
			files = (
				805A9F781B0FAAD200A5E868 /* ShowViewTests.swift in Sources */,
			);
			runOnlyForDeploymentPostprocessing = 0;
		};
/* End PBXSourcesBuildPhase section */

/* Begin PBXTargetDependency section */
		805A9F731B0FAAD200A5E868 /* PBXTargetDependency */ = {
			isa = PBXTargetDependency;
			target = 805A9F5B1B0FAAD200A5E868 /* ShowView */;
			targetProxy = 805A9F721B0FAAD200A5E868 /* PBXContainerItemProxy */;
		};
/* End PBXTargetDependency section */

/* Begin PBXVariantGroup section */
		805A9F651B0FAAD200A5E868 /* Main.storyboard */ = {
			isa = PBXVariantGroup;
			children = (
				805A9F661B0FAAD200A5E868 /* Base */,
			);
			name = Main.storyboard;
			sourceTree = "<group>";
		};
		805A9F6A1B0FAAD200A5E868 /* LaunchScreen.xib */ = {
			isa = PBXVariantGroup;
			children = (
				805A9F6B1B0FAAD200A5E868 /* Base */,
			);
			name = LaunchScreen.xib;
			sourceTree = "<group>";
		};
/* End PBXVariantGroup section */

/* Begin XCBuildConfiguration section */
		805A9F791B0FAAD200A5E868 /* Debug */ = {
			isa = XCBuildConfiguration;
			buildSettings = {
				ALWAYS_SEARCH_USER_PATHS = NO;
				CLANG_CXX_LANGUAGE_STANDARD = "gnu++0x";
				CLANG_CXX_LIBRARY = "libc++";
				CLANG_ENABLE_MODULES = YES;
				CLANG_ENABLE_OBJC_ARC = YES;
				CLANG_WARN_BOOL_CONVERSION = YES;
				CLANG_WARN_CONSTANT_CONVERSION = YES;
				CLANG_WARN_DIRECT_OBJC_ISA_USAGE = YES_ERROR;
				CLANG_WARN_EMPTY_BODY = YES;
				CLANG_WARN_ENUM_CONVERSION = YES;
				CLANG_WARN_INT_CONVERSION = YES;
				CLANG_WARN_OBJC_ROOT_CLASS = YES_ERROR;
				CLANG_WARN_UNREACHABLE_CODE = YES;
				CLANG_WARN__DUPLICATE_METHOD_MATCH = YES;
				"CODE_SIGN_IDENTITY[sdk=iphoneos*]" = "iPhone Developer";
				COPY_PHASE_STRIP = NO;
				DEBUG_INFORMATION_FORMAT = "dwarf-with-dsym";
				ENABLE_STRICT_OBJC_MSGSEND = YES;
				GCC_C_LANGUAGE_STANDARD = gnu99;
				GCC_DYNAMIC_NO_PIC = NO;
				GCC_NO_COMMON_BLOCKS = YES;
				GCC_OPTIMIZATION_LEVEL = 0;
				GCC_PREPROCESSOR_DEFINITIONS = (
					"DEBUG=1",
					"$(inherited)",
				);
				GCC_SYMBOLS_PRIVATE_EXTERN = NO;
				GCC_WARN_64_TO_32_BIT_CONVERSION = YES;
				GCC_WARN_ABOUT_RETURN_TYPE = YES_ERROR;
				GCC_WARN_UNDECLARED_SELECTOR = YES;
				GCC_WARN_UNINITIALIZED_AUTOS = YES_AGGRESSIVE;
				GCC_WARN_UNUSED_FUNCTION = YES;
				GCC_WARN_UNUSED_VARIABLE = YES;
				IPHONEOS_DEPLOYMENT_TARGET = 8.3;
				MTL_ENABLE_DEBUG_INFO = YES;
				ONLY_ACTIVE_ARCH = YES;
				SDKROOT = iphoneos;
				SWIFT_OPTIMIZATION_LEVEL = "-Onone";
			};
			name = Debug;
		};
		805A9F7A1B0FAAD200A5E868 /* Release */ = {
			isa = XCBuildConfiguration;
			buildSettings = {
				ALWAYS_SEARCH_USER_PATHS = NO;
				CLANG_CXX_LANGUAGE_STANDARD = "gnu++0x";
				CLANG_CXX_LIBRARY = "libc++";
				CLANG_ENABLE_MODULES = YES;
				CLANG_ENABLE_OBJC_ARC = YES;
				CLANG_WARN_BOOL_CONVERSION = YES;
				CLANG_WARN_CONSTANT_CONVERSION = YES;
				CLANG_WARN_DIRECT_OBJC_ISA_USAGE = YES_ERROR;
				CLANG_WARN_EMPTY_BODY = YES;
				CLANG_WARN_ENUM_CONVERSION = YES;
				CLANG_WARN_INT_CONVERSION = YES;
				CLANG_WARN_OBJC_ROOT_CLASS = YES_ERROR;
				CLANG_WARN_UNREACHABLE_CODE = YES;
				CLANG_WARN__DUPLICATE_METHOD_MATCH = YES;
				"CODE_SIGN_IDENTITY[sdk=iphoneos*]" = "iPhone Developer";
				COPY_PHASE_STRIP = NO;
				DEBUG_INFORMATION_FORMAT = "dwarf-with-dsym";
				ENABLE_NS_ASSERTIONS = NO;
				ENABLE_STRICT_OBJC_MSGSEND = YES;
				GCC_C_LANGUAGE_STANDARD = gnu99;
				GCC_NO_COMMON_BLOCKS = YES;
				GCC_WARN_64_TO_32_BIT_CONVERSION = YES;
				GCC_WARN_ABOUT_RETURN_TYPE = YES_ERROR;
				GCC_WARN_UNDECLARED_SELECTOR = YES;
				GCC_WARN_UNINITIALIZED_AUTOS = YES_AGGRESSIVE;
				GCC_WARN_UNUSED_FUNCTION = YES;
				GCC_WARN_UNUSED_VARIABLE = YES;
				IPHONEOS_DEPLOYMENT_TARGET = 8.3;
				MTL_ENABLE_DEBUG_INFO = NO;
				SDKROOT = iphoneos;
				VALIDATE_PRODUCT = YES;
			};
			name = Release;
		};
		805A9F7C1B0FAAD200A5E868 /* Debug */ = {
			isa = XCBuildConfiguration;
			buildSettings = {
				ASSETCATALOG_COMPILER_APPICON_NAME = AppIcon;
				INFOPLIST_FILE = ShowView/Info.plist;
				LD_RUNPATH_SEARCH_PATHS = "$(inherited) @executable_path/Frameworks";
				PRODUCT_NAME = "$(TARGET_NAME)";
			};
			name = Debug;
		};
		805A9F7D1B0FAAD200A5E868 /* Release */ = {
			isa = XCBuildConfiguration;
			buildSettings = {
				ASSETCATALOG_COMPILER_APPICON_NAME = AppIcon;
				INFOPLIST_FILE = ShowView/Info.plist;
				LD_RUNPATH_SEARCH_PATHS = "$(inherited) @executable_path/Frameworks";
				PRODUCT_NAME = "$(TARGET_NAME)";
			};
			name = Release;
		};
		805A9F7F1B0FAAD200A5E868 /* Debug */ = {
			isa = XCBuildConfiguration;
			buildSettings = {
				BUNDLE_LOADER = "$(TEST_HOST)";
				FRAMEWORK_SEARCH_PATHS = (
					"$(SDKROOT)/Developer/Library/Frameworks",
					"$(inherited)",
				);
				GCC_PREPROCESSOR_DEFINITIONS = (
					"DEBUG=1",
					"$(inherited)",
				);
				INFOPLIST_FILE = ShowViewTests/Info.plist;
				LD_RUNPATH_SEARCH_PATHS = "$(inherited) @executable_path/Frameworks @loader_path/Frameworks";
				PRODUCT_NAME = "$(TARGET_NAME)";
				TEST_HOST = "$(BUILT_PRODUCTS_DIR)/ShowView.app/ShowView";
			};
			name = Debug;
		};
		805A9F801B0FAAD200A5E868 /* Release */ = {
			isa = XCBuildConfiguration;
			buildSettings = {
				BUNDLE_LOADER = "$(TEST_HOST)";
				FRAMEWORK_SEARCH_PATHS = (
					"$(SDKROOT)/Developer/Library/Frameworks",
					"$(inherited)",
				);
				INFOPLIST_FILE = ShowViewTests/Info.plist;
				LD_RUNPATH_SEARCH_PATHS = "$(inherited) @executable_path/Frameworks @loader_path/Frameworks";
				PRODUCT_NAME = "$(TARGET_NAME)";
				TEST_HOST = "$(BUILT_PRODUCTS_DIR)/ShowView.app/ShowView";
			};
			name = Release;
		};
/* End XCBuildConfiguration section */

/* Begin XCConfigurationList section */
		805A9F571B0FAAD200A5E868 /* Build configuration list for PBXProject "ShowView" */ = {
			isa = XCConfigurationList;
			buildConfigurations = (
				805A9F791B0FAAD200A5E868 /* Debug */,
				805A9F7A1B0FAAD200A5E868 /* Release */,
			);
			defaultConfigurationIsVisible = 0;
			defaultConfigurationName = Release;
		};
		805A9F7B1B0FAAD200A5E868 /* Build configuration list for PBXNativeTarget "ShowView" */ = {
			isa = XCConfigurationList;
			buildConfigurations = (
				805A9F7C1B0FAAD200A5E868 /* Debug */,
				805A9F7D1B0FAAD200A5E868 /* Release */,
			);
			defaultConfigurationIsVisible = 0;
		};
		805A9F7E1B0FAAD200A5E868 /* Build configuration list for PBXNativeTarget "ShowViewTests" */ = {
			isa = XCConfigurationList;
			buildConfigurations = (
				805A9F7F1B0FAAD200A5E868 /* Debug */,
				805A9F801B0FAAD200A5E868 /* Release */,
			);
			defaultConfigurationIsVisible = 0;
		};
/* End XCConfigurationList section */
	};
	rootObject = 805A9F541B0FAAD200A5E868 /* Project object */;
}
